// !$*UTF8*$!
{
	archiveVersion = 1;
	classes = {
	};
	objectVersion = 50;
	objects = {

/* Begin PBXBuildFile section */
		BB0AB6A423F60BCC00DB10E0 /* AppDelegate.swift in Sources */ = {isa = PBXBuildFile; fileRef = BB0AB6A323F60BCC00DB10E0 /* AppDelegate.swift */; };
		BB0AB6A623F60BCC00DB10E0 /* SceneDelegate.swift in Sources */ = {isa = PBXBuildFile; fileRef = BB0AB6A523F60BCC00DB10E0 /* SceneDelegate.swift */; };
		BB0AB6A823F60BCC00DB10E0 /* ViewController.swift in Sources */ = {isa = PBXBuildFile; fileRef = BB0AB6A723F60BCC00DB10E0 /* ViewController.swift */; };
		BB0AB6AB23F60BCC00DB10E0 /* Main.storyboard in Resources */ = {isa = PBXBuildFile; fileRef = BB0AB6A923F60BCC00DB10E0 /* Main.storyboard */; };
		BB0AB6AD23F60BDB00DB10E0 /* Assets.xcassets in Resources */ = {isa = PBXBuildFile; fileRef = BB0AB6AC23F60BDB00DB10E0 /* Assets.xcassets */; };
		BB0AB6B023F60BDB00DB10E0 /* LaunchScreen.storyboard in Resources */ = {isa = PBXBuildFile; fileRef = BB0AB6AE23F60BDB00DB10E0 /* LaunchScreen.storyboard */; };
		BB0AB6B923F60FB400DB10E0 /* AppDelegate+NotificationConfiguration.swift in Sources */ = {isa = PBXBuildFile; fileRef = BB0AB6B823F60FB400DB10E0 /* AppDelegate+NotificationConfiguration.swift */; };
		BB4BE433240C4FE90061ADD3 /* SparkLogView.swift in Sources */ = {isa = PBXBuildFile; fileRef = BB4BE432240C4FE90061ADD3 /* SparkLogView.swift */; };
		BB4BE435240C588D0061ADD3 /* SparkTableViewCell.swift in Sources */ = {isa = PBXBuildFile; fileRef = BB4BE434240C588D0061ADD3 /* SparkTableViewCell.swift */; };
		BB4BE437240C5BD70061ADD3 /* SparkTableViewController.swift in Sources */ = {isa = PBXBuildFile; fileRef = BB4BE436240C5BD70061ADD3 /* SparkTableViewController.swift */; };
		BBB824182405EA05001270FC /* SparkBuilder.swift in Sources */ = {isa = PBXBuildFile; fileRef = BBB824172405EA05001270FC /* SparkBuilder.swift */; };
		BBB8241A24060107001270FC /* OSLog+Customization.swift in Sources */ = {isa = PBXBuildFile; fileRef = BBB8241924060107001270FC /* OSLog+Customization.swift */; };
		BBE1FCB5240ADA1C0063A2E7 /* SparkArrayBuilder.swift in Sources */ = {isa = PBXBuildFile; fileRef = BBE1FCB4240ADA1C0063A2E7 /* SparkArrayBuilder.swift */; };
		BBF1463C240C7F48008C33E8 /* sparks.tsv in Resources */ = {isa = PBXBuildFile; fileRef = BBE7E043240C7C7900202007 /* sparks.tsv */; };
/* End PBXBuildFile section */

/* Begin PBXFileReference section */
		BB0AB6A023F60BCC00DB10E0 /* Spark A Day.app */ = {isa = PBXFileReference; explicitFileType = wrapper.application; includeInIndex = 0; path = "Spark A Day.app"; sourceTree = BUILT_PRODUCTS_DIR; };
		BB0AB6A323F60BCC00DB10E0 /* AppDelegate.swift */ = {isa = PBXFileReference; lastKnownFileType = sourcecode.swift; path = AppDelegate.swift; sourceTree = "<group>"; };
		BB0AB6A523F60BCC00DB10E0 /* SceneDelegate.swift */ = {isa = PBXFileReference; lastKnownFileType = sourcecode.swift; path = SceneDelegate.swift; sourceTree = "<group>"; };
		BB0AB6A723F60BCC00DB10E0 /* ViewController.swift */ = {isa = PBXFileReference; lastKnownFileType = sourcecode.swift; path = ViewController.swift; sourceTree = "<group>"; };
		BB0AB6AA23F60BCC00DB10E0 /* Base */ = {isa = PBXFileReference; lastKnownFileType = file.storyboard; name = Base; path = Base.lproj/Main.storyboard; sourceTree = "<group>"; };
		BB0AB6AC23F60BDB00DB10E0 /* Assets.xcassets */ = {isa = PBXFileReference; lastKnownFileType = folder.assetcatalog; path = Assets.xcassets; sourceTree = "<group>"; };
		BB0AB6AF23F60BDB00DB10E0 /* Base */ = {isa = PBXFileReference; lastKnownFileType = file.storyboard; name = Base; path = Base.lproj/LaunchScreen.storyboard; sourceTree = "<group>"; };
		BB0AB6B123F60BDB00DB10E0 /* Info.plist */ = {isa = PBXFileReference; lastKnownFileType = text.plist.xml; path = Info.plist; sourceTree = "<group>"; };
		BB0AB6B823F60FB400DB10E0 /* AppDelegate+NotificationConfiguration.swift */ = {isa = PBXFileReference; lastKnownFileType = sourcecode.swift; path = "AppDelegate+NotificationConfiguration.swift"; sourceTree = "<group>"; };
		BB4BE432240C4FE90061ADD3 /* SparkLogView.swift */ = {isa = PBXFileReference; lastKnownFileType = sourcecode.swift; path = SparkLogView.swift; sourceTree = "<group>"; };
		BB4BE434240C588D0061ADD3 /* SparkTableViewCell.swift */ = {isa = PBXFileReference; lastKnownFileType = sourcecode.swift; path = SparkTableViewCell.swift; sourceTree = "<group>"; };
		BB4BE436240C5BD70061ADD3 /* SparkTableViewController.swift */ = {isa = PBXFileReference; lastKnownFileType = sourcecode.swift; path = SparkTableViewController.swift; sourceTree = "<group>"; };
		BBB824172405EA05001270FC /* SparkBuilder.swift */ = {isa = PBXFileReference; lastKnownFileType = sourcecode.swift; path = SparkBuilder.swift; sourceTree = "<group>"; };
		BBB8241924060107001270FC /* OSLog+Customization.swift */ = {isa = PBXFileReference; lastKnownFileType = sourcecode.swift; path = "OSLog+Customization.swift"; sourceTree = "<group>"; };
		BBE1FCB4240ADA1C0063A2E7 /* SparkArrayBuilder.swift */ = {isa = PBXFileReference; lastKnownFileType = sourcecode.swift; path = SparkArrayBuilder.swift; sourceTree = "<group>"; };
		BBE7E043240C7C7900202007 /* sparks.tsv */ = {isa = PBXFileReference; lastKnownFileType = text; name = sparks.tsv; path = "/Users/malcomjonesjr/dev/ios/DailySpark/Spark A Day/Model/sparks.tsv"; sourceTree = "<absolute>"; };
/* End PBXFileReference section */

/* Begin PBXFrameworksBuildPhase section */
		BB0AB69D23F60BCC00DB10E0 /* Frameworks */ = {
			isa = PBXFrameworksBuildPhase;
			buildActionMask = 2147483647;
			files = (
			);
			runOnlyForDeploymentPostprocessing = 0;
		};
/* End PBXFrameworksBuildPhase section */

/* Begin PBXGroup section */
		BB0AB69723F60BCB00DB10E0 = {
			isa = PBXGroup;
			children = (
				BB0AB6A223F60BCC00DB10E0 /* Spark A Day */,
				BB0AB6A123F60BCC00DB10E0 /* Products */,
			);
			sourceTree = "<group>";
		};
		BB0AB6A123F60BCC00DB10E0 /* Products */ = {
			isa = PBXGroup;
			children = (
				BB0AB6A023F60BCC00DB10E0 /* Spark A Day.app */,
			);
			name = Products;
			sourceTree = "<group>";
		};
		BB0AB6A223F60BCC00DB10E0 /* Spark A Day */ = {
			isa = PBXGroup;
			children = (
				BB4BE431240C4F890061ADD3 /* View */,
				BBE1FCB1240AD8410063A2E7 /* Model */,
				BBB824162405E933001270FC /* Controller */,
				BB0AB6B723F60F7100DB10E0 /* Extensions */,
				BB0AB6B123F60BDB00DB10E0 /* Info.plist */,
			);
			path = "Spark A Day";
			sourceTree = "<group>";
		};
		BB0AB6B723F60F7100DB10E0 /* Extensions */ = {
			isa = PBXGroup;
			children = (
				BB0AB6B823F60FB400DB10E0 /* AppDelegate+NotificationConfiguration.swift */,
				BBB8241924060107001270FC /* OSLog+Customization.swift */,
			);
			path = Extensions;
			sourceTree = "<group>";
		};
		BB4BE431240C4F890061ADD3 /* View */ = {
			isa = PBXGroup;
			children = (
				BB0AB6A923F60BCC00DB10E0 /* Main.storyboard */,
				BB0AB6AC23F60BDB00DB10E0 /* Assets.xcassets */,
				BB0AB6AE23F60BDB00DB10E0 /* LaunchScreen.storyboard */,
				BB4BE432240C4FE90061ADD3 /* SparkLogView.swift */,
				BB4BE434240C588D0061ADD3 /* SparkTableViewCell.swift */,
				BB4BE436240C5BD70061ADD3 /* SparkTableViewController.swift */,
			);
			path = View;
			sourceTree = "<group>";
		};
		BBB824162405E933001270FC /* Controller */ = {
			isa = PBXGroup;
			children = (
				BB0AB6A323F60BCC00DB10E0 /* AppDelegate.swift */,
				BB0AB6A523F60BCC00DB10E0 /* SceneDelegate.swift */,
				BB0AB6A723F60BCC00DB10E0 /* ViewController.swift */,
				BBB824172405EA05001270FC /* SparkBuilder.swift */,
			);
			path = Controller;
			sourceTree = "<group>";
		};
		BBE1FCB1240AD8410063A2E7 /* Model */ = {
			isa = PBXGroup;
			children = (
				BBE7E043240C7C7900202007 /* sparks.tsv */,
				BBE1FCB4240ADA1C0063A2E7 /* SparkArrayBuilder.swift */,
			);
			path = Model;
			sourceTree = "<group>";
		};
/* End PBXGroup section */

/* Begin PBXNativeTarget section */
		BB0AB69F23F60BCC00DB10E0 /* Spark A Day */ = {
			isa = PBXNativeTarget;
			buildConfigurationList = BB0AB6B423F60BDB00DB10E0 /* Build configuration list for PBXNativeTarget "Spark A Day" */;
			buildPhases = (
				BB0AB69C23F60BCC00DB10E0 /* Sources */,
				BB0AB69D23F60BCC00DB10E0 /* Frameworks */,
				BB0AB69E23F60BCC00DB10E0 /* Resources */,
			);
			buildRules = (
			);
			dependencies = (
			);
			name = "Spark A Day";
			productName = "Spark A Day";
			productReference = BB0AB6A023F60BCC00DB10E0 /* Spark A Day.app */;
			productType = "com.apple.product-type.application";
		};
/* End PBXNativeTarget section */

/* Begin PBXProject section */
		BB0AB69823F60BCB00DB10E0 /* Project object */ = {
			isa = PBXProject;
			attributes = {
				LastSwiftUpdateCheck = 1100;
				LastUpgradeCheck = 1100;
				ORGANIZATIONNAME = "Malcom Jones";
				TargetAttributes = {
					BB0AB69F23F60BCC00DB10E0 = {
						CreatedOnToolsVersion = 11.0;
					};
				};
			};
			buildConfigurationList = BB0AB69B23F60BCB00DB10E0 /* Build configuration list for PBXProject "Spark A Day" */;
			compatibilityVersion = "Xcode 9.3";
			developmentRegion = en;
			hasScannedForEncodings = 0;
			knownRegions = (
				en,
				Base,
			);
			mainGroup = BB0AB69723F60BCB00DB10E0;
			productRefGroup = BB0AB6A123F60BCC00DB10E0 /* Products */;
			projectDirPath = "";
			projectRoot = "";
			targets = (
				BB0AB69F23F60BCC00DB10E0 /* Spark A Day */,
			);
		};
/* End PBXProject section */

/* Begin PBXResourcesBuildPhase section */
		BB0AB69E23F60BCC00DB10E0 /* Resources */ = {
			isa = PBXResourcesBuildPhase;
			buildActionMask = 2147483647;
			files = (
				BB0AB6B023F60BDB00DB10E0 /* LaunchScreen.storyboard in Resources */,
				BBF1463C240C7F48008C33E8 /* sparks.tsv in Resources */,
				BB0AB6AD23F60BDB00DB10E0 /* Assets.xcassets in Resources */,
				BB0AB6AB23F60BCC00DB10E0 /* Main.storyboard in Resources */,
			);
			runOnlyForDeploymentPostprocessing = 0;
		};
/* End PBXResourcesBuildPhase section */

/* Begin PBXSourcesBuildPhase section */
		BB0AB69C23F60BCC00DB10E0 /* Sources */ = {
			isa = PBXSourcesBuildPhase;
			buildActionMask = 2147483647;
			files = (
				BB0AB6B923F60FB400DB10E0 /* AppDelegate+NotificationConfiguration.swift in Sources */,
				BB4BE437240C5BD70061ADD3 /* SparkTableViewController.swift in Sources */,
				BBE1FCB5240ADA1C0063A2E7 /* SparkArrayBuilder.swift in Sources */,
				BB0AB6A823F60BCC00DB10E0 /* ViewController.swift in Sources */,
				BB4BE433240C4FE90061ADD3 /* SparkLogView.swift in Sources */,
				BBB8241A24060107001270FC /* OSLog+Customization.swift in Sources */,
				BBB824182405EA05001270FC /* SparkBuilder.swift in Sources */,
				BB4BE435240C588D0061ADD3 /* SparkTableViewCell.swift in Sources */,
				BB0AB6A423F60BCC00DB10E0 /* AppDelegate.swift in Sources */,
				BB0AB6A623F60BCC00DB10E0 /* SceneDelegate.swift in Sources */,
			);
			runOnlyForDeploymentPostprocessing = 0;
		};
/* End PBXSourcesBuildPhase section */

/* Begin PBXVariantGroup section */
		BB0AB6A923F60BCC00DB10E0 /* Main.storyboard */ = {
			isa = PBXVariantGroup;
			children = (
				BB0AB6AA23F60BCC00DB10E0 /* Base */,
			);
			name = Main.storyboard;
			sourceTree = "<group>";
		};
		BB0AB6AE23F60BDB00DB10E0 /* LaunchScreen.storyboard */ = {
			isa = PBXVariantGroup;
			children = (
				BB0AB6AF23F60BDB00DB10E0 /* Base */,
			);
			name = LaunchScreen.storyboard;
			sourceTree = "<group>";
		};
/* End PBXVariantGroup section */

/* Begin XCBuildConfiguration section */
		BB0AB6B223F60BDB00DB10E0 /* Debug */ = {
			isa = XCBuildConfiguration;
			buildSettings = {
				ALWAYS_SEARCH_USER_PATHS = NO;
				CLANG_ANALYZER_NONNULL = YES;
				CLANG_ANALYZER_NUMBER_OBJECT_CONVERSION = YES_AGGRESSIVE;
				CLANG_CXX_LANGUAGE_STANDARD = "gnu++14";
				CLANG_CXX_LIBRARY = "libc++";
				CLANG_ENABLE_MODULES = YES;
				CLANG_ENABLE_OBJC_ARC = YES;
				CLANG_ENABLE_OBJC_WEAK = YES;
				CLANG_WARN_BLOCK_CAPTURE_AUTORELEASING = YES;
				CLANG_WARN_BOOL_CONVERSION = YES;
				CLANG_WARN_COMMA = YES;
				CLANG_WARN_CONSTANT_CONVERSION = YES;
				CLANG_WARN_DEPRECATED_OBJC_IMPLEMENTATIONS = YES;
				CLANG_WARN_DIRECT_OBJC_ISA_USAGE = YES_ERROR;
				CLANG_WARN_DOCUMENTATION_COMMENTS = YES;
				CLANG_WARN_EMPTY_BODY = YES;
				CLANG_WARN_ENUM_CONVERSION = YES;
				CLANG_WARN_INFINITE_RECURSION = YES;
				CLANG_WARN_INT_CONVERSION = YES;
				CLANG_WARN_NON_LITERAL_NULL_CONVERSION = YES;
				CLANG_WARN_OBJC_IMPLICIT_RETAIN_SELF = YES;
				CLANG_WARN_OBJC_LITERAL_CONVERSION = YES;
				CLANG_WARN_OBJC_ROOT_CLASS = YES_ERROR;
				CLANG_WARN_RANGE_LOOP_ANALYSIS = YES;
				CLANG_WARN_STRICT_PROTOTYPES = YES;
				CLANG_WARN_SUSPICIOUS_MOVE = YES;
				CLANG_WARN_UNGUARDED_AVAILABILITY = YES_AGGRESSIVE;
				CLANG_WARN_UNREACHABLE_CODE = YES;
				CLANG_WARN__DUPLICATE_METHOD_MATCH = YES;
				COPY_PHASE_STRIP = NO;
				DEBUG_INFORMATION_FORMAT = dwarf;
				ENABLE_STRICT_OBJC_MSGSEND = YES;
				ENABLE_TESTABILITY = YES;
				GCC_C_LANGUAGE_STANDARD = gnu11;
				GCC_DYNAMIC_NO_PIC = NO;
				GCC_NO_COMMON_BLOCKS = YES;
				GCC_OPTIMIZATION_LEVEL = 0;
				GCC_PREPROCESSOR_DEFINITIONS = (
					"DEBUG=1",
					"$(inherited)",
				);
				GCC_WARN_64_TO_32_BIT_CONVERSION = YES;
				GCC_WARN_ABOUT_RETURN_TYPE = YES_ERROR;
				GCC_WARN_UNDECLARED_SELECTOR = YES;
				GCC_WARN_UNINITIALIZED_AUTOS = YES_AGGRESSIVE;
				GCC_WARN_UNUSED_FUNCTION = YES;
				GCC_WARN_UNUSED_VARIABLE = YES;
				IPHONEOS_DEPLOYMENT_TARGET = 13.0;
				MTL_ENABLE_DEBUG_INFO = INCLUDE_SOURCE;
				MTL_FAST_MATH = YES;
				ONLY_ACTIVE_ARCH = YES;
				SDKROOT = iphoneos;
				SWIFT_ACTIVE_COMPILATION_CONDITIONS = DEBUG;
				SWIFT_OPTIMIZATION_LEVEL = "-Onone";
			};
			name = Debug;
		};
		BB0AB6B323F60BDB00DB10E0 /* Release */ = {
			isa = XCBuildConfiguration;
			buildSettings = {
				ALWAYS_SEARCH_USER_PATHS = NO;
				CLANG_ANALYZER_NONNULL = YES;
				CLANG_ANALYZER_NUMBER_OBJECT_CONVERSION = YES_AGGRESSIVE;
				CLANG_CXX_LANGUAGE_STANDARD = "gnu++14";
				CLANG_CXX_LIBRARY = "libc++";
				CLANG_ENABLE_MODULES = YES;
				CLANG_ENABLE_OBJC_ARC = YES;
				CLANG_ENABLE_OBJC_WEAK = YES;
				CLANG_WARN_BLOCK_CAPTURE_AUTORELEASING = YES;
				CLANG_WARN_BOOL_CONVERSION = YES;
				CLANG_WARN_COMMA = YES;
				CLANG_WARN_CONSTANT_CONVERSION = YES;
				CLANG_WARN_DEPRECATED_OBJC_IMPLEMENTATIONS = YES;
				CLANG_WARN_DIRECT_OBJC_ISA_USAGE = YES_ERROR;
				CLANG_WARN_DOCUMENTATION_COMMENTS = YES;
				CLANG_WARN_EMPTY_BODY = YES;
				CLANG_WARN_ENUM_CONVERSION = YES;
				CLANG_WARN_INFINITE_RECURSION = YES;
				CLANG_WARN_INT_CONVERSION = YES;
				CLANG_WARN_NON_LITERAL_NULL_CONVERSION = YES;
				CLANG_WARN_OBJC_IMPLICIT_RETAIN_SELF = YES;
				CLANG_WARN_OBJC_LITERAL_CONVERSION = YES;
				CLANG_WARN_OBJC_ROOT_CLASS = YES_ERROR;
				CLANG_WARN_RANGE_LOOP_ANALYSIS = YES;
				CLANG_WARN_STRICT_PROTOTYPES = YES;
				CLANG_WARN_SUSPICIOUS_MOVE = YES;
				CLANG_WARN_UNGUARDED_AVAILABILITY = YES_AGGRESSIVE;
				CLANG_WARN_UNREACHABLE_CODE = YES;
				CLANG_WARN__DUPLICATE_METHOD_MATCH = YES;
				COPY_PHASE_STRIP = NO;
				DEBUG_INFORMATION_FORMAT = "dwarf-with-dsym";
				ENABLE_NS_ASSERTIONS = NO;
				ENABLE_STRICT_OBJC_MSGSEND = YES;
				GCC_C_LANGUAGE_STANDARD = gnu11;
				GCC_NO_COMMON_BLOCKS = YES;
				GCC_WARN_64_TO_32_BIT_CONVERSION = YES;
				GCC_WARN_ABOUT_RETURN_TYPE = YES_ERROR;
				GCC_WARN_UNDECLARED_SELECTOR = YES;
				GCC_WARN_UNINITIALIZED_AUTOS = YES_AGGRESSIVE;
				GCC_WARN_UNUSED_FUNCTION = YES;
				GCC_WARN_UNUSED_VARIABLE = YES;
				IPHONEOS_DEPLOYMENT_TARGET = 13.0;
				MTL_ENABLE_DEBUG_INFO = NO;
				MTL_FAST_MATH = YES;
				SDKROOT = iphoneos;
				SWIFT_COMPILATION_MODE = wholemodule;
				SWIFT_OPTIMIZATION_LEVEL = "-O";
				VALIDATE_PRODUCT = YES;
			};
			name = Release;
		};
		BB0AB6B523F60BDB00DB10E0 /* Debug */ = {
			isa = XCBuildConfiguration;
			buildSettings = {
				ASSETCATALOG_COMPILER_APPICON_NAME = AppIcon;
				CODE_SIGN_STYLE = Automatic;
				DEVELOPMENT_TEAM = DS9LN4472U;
				INFOPLIST_FILE = "Spark A Day/Info.plist";
				LD_RUNPATH_SEARCH_PATHS = (
					"$(inherited)",
					"@executable_path/Frameworks",
				);
				PRODUCT_BUNDLE_IDENTIFIER = "com.malcomjones.Spark-A-Day";
				PRODUCT_NAME = "$(TARGET_NAME)";
				SWIFT_VERSION = 5.0;
				TARGETED_DEVICE_FAMILY = 1;
			};
			name = Debug;
		};
		BB0AB6B623F60BDB00DB10E0 /* Release */ = {
			isa = XCBuildConfiguration;
			buildSettings = {
				ASSETCATALOG_COMPILER_APPICON_NAME = AppIcon;
				CODE_SIGN_STYLE = Automatic;
				DEVELOPMENT_TEAM = DS9LN4472U;
				INFOPLIST_FILE = "Spark A Day/Info.plist";
				LD_RUNPATH_SEARCH_PATHS = (
					"$(inherited)",
					"@executable_path/Frameworks",
				);
				PRODUCT_BUNDLE_IDENTIFIER = "com.malcomjones.Spark-A-Day";
				PRODUCT_NAME = "$(TARGET_NAME)";
				SWIFT_VERSION = 5.0;
				TARGETED_DEVICE_FAMILY = 1;
			};
			name = Release;
		};
/* End XCBuildConfiguration section */

/* Begin XCConfigurationList section */
		BB0AB69B23F60BCB00DB10E0 /* Build configuration list for PBXProject "Spark A Day" */ = {
			isa = XCConfigurationList;
			buildConfigurations = (
				BB0AB6B223F60BDB00DB10E0 /* Debug */,
				BB0AB6B323F60BDB00DB10E0 /* Release */,
			);
			defaultConfigurationIsVisible = 0;
			defaultConfigurationName = Release;
		};
		BB0AB6B423F60BDB00DB10E0 /* Build configuration list for PBXNativeTarget "Spark A Day" */ = {
			isa = XCConfigurationList;
			buildConfigurations = (
				BB0AB6B523F60BDB00DB10E0 /* Debug */,
				BB0AB6B623F60BDB00DB10E0 /* Release */,
			);
			defaultConfigurationIsVisible = 0;
			defaultConfigurationName = Release;
		};
/* End XCConfigurationList section */
	};
	rootObject = BB0AB69823F60BCB00DB10E0 /* Project object */;
}
